
Microsoft Visual Studio Solution File, Format Version 12.00
# Visual Studio Version 16
VisualStudioVersion = 16.0.30711.63
MinimumVisualStudioVersion = 10.0.40219.1
Project("{FAE04EC0-301F-11D3-BF4B-00C04F79EFBC}") = "Assignment8Tshirt.Android", "Assignment8Tshirt\Assignment8Tshirt.Android\Assignment8Tshirt.Android.csproj", "{EADDAB6A-CFD1-40FD-8092-F0D2710C5912}"
EndProject
Project("{FAE04EC0-301F-11D3-BF4B-00C04F79EFBC}") = "Assignment8Tshirt.iOS", "Assignment8Tshirt\Assignment8Tshirt.iOS\Assignment8Tshirt.iOS.csproj", "{02406440-95D1-4280-BD92-771A8786CA2D}"
EndProject
Project("{FAE04EC0-301F-11D3-BF4B-00C04F79EFBC}") = "Assignment8Tshirt", "Assignment8Tshirt\Assignment8Tshirt\Assignment8Tshirt.csproj", "{BE549814-AACC-4EDB-BA4C-6CFC34628780}"
EndProject
Global
	GlobalSection(SolutionConfigurationPlatforms) = preSolution
		Debug|Any CPU = Debug|Any CPU
		Debug|iPhone = Debug|iPhone
		Debug|iPhoneSimulator = Debug|iPhoneSimulator
		Release|Any CPU = Release|Any CPU
		Release|iPhone = Release|iPhone
		Release|iPhoneSimulator = Release|iPhoneSimulator
	EndGlobalSection
	GlobalSection(ProjectConfigurationPlatforms) = postSolution
		{EADDAB6A-CFD1-40FD-8092-F0D2710C5912}.Debug|Any CPU.ActiveCfg = Debug|Any CPU
		{EADDAB6A-CFD1-40FD-8092-F0D2710C5912}.Debug|Any CPU.Build.0 = Debug|Any CPU
		{EADDAB6A-CFD1-40FD-8092-F0D2710C5912}.Debug|Any CPU.Deploy.0 = Debug|Any CPU
		{EADDAB6A-CFD1-40FD-8092-F0D2710C5912}.Debug|iPhone.ActiveCfg = Debug|Any CPU
		{EADDAB6A-CFD1-40FD-8092-F0D2710C5912}.Debug|iPhone.Build.0 = Debug|Any CPU
		{EADDAB6A-CFD1-40FD-8092-F0D2710C5912}.Debug|iPhone.Deploy.0 = Debug|Any CPU
		{EADDAB6A-CFD1-40FD-8092-F0D2710C5912}.Debug|iPhoneSimulator.ActiveCfg = Debug|Any CPU
		{EADDAB6A-CFD1-40FD-8092-F0D2710C5912}.Debug|iPhoneSimulator.Build.0 = Debug|Any CPU
		{EADDAB6A-CFD1-40FD-8092-F0D2710C5912}.Debug|iPhoneSimulator.Deploy.0 = Debug|Any CPU
		{EADDAB6A-CFD1-40FD-8092-F0D2710C5912}.Release|Any CPU.ActiveCfg = Release|Any CPU
		{EADDAB6A-CFD1-40FD-8092-F0D2710C5912}.Release|Any CPU.Build.0 = Release|Any CPU
		{EADDAB6A-CFD1-40FD-8092-F0D2710C5912}.Release|Any CPU.Deploy.0 = Release|Any CPU
		{EADDAB6A-CFD1-40FD-8092-F0D2710C5912}.Release|iPhone.ActiveCfg = Release|Any CPU
		{EADDAB6A-CFD1-40FD-8092-F0D2710C5912}.Release|iPhone.Build.0 = Release|Any CPU
		{EADDAB6A-CFD1-40FD-8092-F0D2710C5912}.Release|iPhone.Deploy.0 = Release|Any CPU
		{EADDAB6A-CFD1-40FD-8092-F0D2710C5912}.Release|iPhoneSimulator.ActiveCfg = Release|Any CPU
		{EADDAB6A-CFD1-40FD-8092-F0D2710C5912}.Release|iPhoneSimulator.Build.0 = Release|Any CPU
		{EADDAB6A-CFD1-40FD-8092-F0D2710C5912}.Release|iPhoneSimulator.Deploy.0 = Release|Any CPU
		{02406440-95D1-4280-BD92-771A8786CA2D}.Debug|Any CPU.ActiveCfg = Debug|iPhone
		{02406440-95D1-4280-BD92-771A8786CA2D}.Debug|Any CPU.Build.0 = Debug|iPhone
		{02406440-95D1-4280-BD92-771A8786CA2D}.Debug|Any CPU.Deploy.0 = Debug|iPhone
		{02406440-95D1-4280-BD92-771A8786CA2D}.Debug|iPhone.ActiveCfg = Debug|iPhone
		{02406440-95D1-4280-BD92-771A8786CA2D}.Debug|iPhone.Build.0 = Debug|iPhone
		{02406440-95D1-4280-BD92-771A8786CA2D}.Debug|iPhone.Deploy.0 = Debug|iPhone
		{02406440-95D1-4280-BD92-771A8786CA2D}.Debug|iPhoneSimulator.ActiveCfg = Debug|iPhoneSimulator
		{02406440-95D1-4280-BD92-771A8786CA2D}.Debug|iPhoneSimulator.Build.0 = Debug|iPhoneSimulator
		{02406440-95D1-4280-BD92-771A8786CA2D}.Debug|iPhoneSimulator.Deploy.0 = Debug|iPhoneSimulator
		{02406440-95D1-4280-BD92-771A8786CA2D}.Release|Any CPU.ActiveCfg = Release|iPhoneSimulator
		{02406440-95D1-4280-BD92-771A8786CA2D}.Release|Any CPU.Build.0 = Release|iPhoneSimulator
		{02406440-95D1-4280-BD92-771A8786CA2D}.Release|Any CPU.Deploy.0 = Release|iPhoneSimulator
		{02406440-95D1-4280-BD92-771A8786CA2D}.Release|iPhone.ActiveCfg = Release|iPhone
		{02406440-95D1-4280-BD92-771A8786CA2D}.Release|iPhone.Build.0 = Release|iPhone
		{02406440-95D1-4280-BD92-771A8786CA2D}.Release|iPhone.Deploy.0 = Release|iPhone
		{02406440-95D1-4280-BD92-771A8786CA2D}.Release|iPhoneSimulator.ActiveCfg = Release|iPhoneSimulator
		{02406440-95D1-4280-BD92-771A8786CA2D}.Release|iPhoneSimulator.Build.0 = Release|iPhoneSimulator
		{02406440-95D1-4280-BD92-771A8786CA2D}.Release|iPhoneSimulator.Deploy.0 = Release|iPhoneSimulator
		{BE549814-AACC-4EDB-BA4C-6CFC34628780}.Debug|Any CPU.ActiveCfg = Debug|Any CPU
		{BE549814-AACC-4EDB-BA4C-6CFC34628780}.Debug|Any CPU.Build.0 = Debug|Any CPU
		{BE549814-AACC-4EDB-BA4C-6CFC34628780}.Debug|Any CPU.Deploy.0 = Debug|Any CPU
		{BE549814-AACC-4EDB-BA4C-6CFC34628780}.Debug|iPhone.ActiveCfg = Debug|Any CPU
		{BE549814-AACC-4EDB-BA4C-6CFC34628780}.Debug|iPhone.Build.0 = Debug|Any CPU
		{BE549814-AACC-4EDB-BA4C-6CFC34628780}.Debug|iPhone.Deploy.0 = Debug|Any CPU
		{BE549814-AACC-4EDB-BA4C-6CFC34628780}.Debug|iPhoneSimulator.ActiveCfg = Debug|Any CPU
		{BE549814-AACC-4EDB-BA4C-6CFC34628780}.Debug|iPhoneSimulator.Build.0 = Debug|Any CPU
		{BE549814-AACC-4EDB-BA4C-6CFC34628780}.Debug|iPhoneSimulator.Deploy.0 = Debug|Any CPU
		{BE549814-AACC-4EDB-BA4C-6CFC34628780}.Release|Any CPU.ActiveCfg = Release|Any CPU
		{BE549814-AACC-4EDB-BA4C-6CFC34628780}.Release|Any CPU.Build.0 = Release|Any CPU
		{BE549814-AACC-4EDB-BA4C-6CFC34628780}.Release|Any CPU.Deploy.0 = Release|Any CPU
		{BE549814-AACC-4EDB-BA4C-6CFC34628780}.Release|iPhone.ActiveCfg = Release|Any CPU
		{BE549814-AACC-4EDB-BA4C-6CFC34628780}.Release|iPhone.Build.0 = Release|Any CPU
		{BE549814-AACC-4EDB-BA4C-6CFC34628780}.Release|iPhone.Deploy.0 = Release|Any CPU
		{BE549814-AACC-4EDB-BA4C-6CFC34628780}.Release|iPhoneSimulator.ActiveCfg = Release|Any CPU
		{BE549814-AACC-4EDB-BA4C-6CFC34628780}.Release|iPhoneSimulator.Build.0 = Release|Any CPU
		{BE549814-AACC-4EDB-BA4C-6CFC34628780}.Release|iPhoneSimulator.Deploy.0 = Release|Any CPU
	EndGlobalSection
	GlobalSection(SolutionProperties) = preSolution
		HideSolutionNode = FALSE
	EndGlobalSection
	GlobalSection(ExtensibilityGlobals) = postSolution
		SolutionGuid = {24052106-EA36-45D5-8FB6-CFC57985D5A2}
	EndGlobalSection
EndGlobal
